
Microsoft Visual Studio Solution File, Format Version 12.00
# Visual Studio 15
VisualStudioVersion = 15.0.28307.757
MinimumVisualStudioVersion = 10.0.40219.1
Project("{8BC9CEB8-8B4A-11D0-8D11-00A0C91BC942}") = "Chapter1", "Chapter1\Chapter1.vcxproj", "{05E0D221-B2A8-4A1C-A897-C3EB15A52FD8}"
EndProject
Global
	GlobalSection(SolutionConfigurationPlatforms) = preSolution
		Debug|x64 = Debug|x64
		Debug|x86 = Debug|x86
		Release|x64 = Release|x64
		Release|x86 = Release|x86
	EndGlobalSection
	GlobalSection(ProjectConfigurationPlatforms) = postSolution
		{05E0D221-B2A8-4A1C-A897-C3EB15A52FD8}.Debug|x64.ActiveCfg = Debug|x64
		{05E0D221-B2A8-4A1C-A897-C3EB15A52FD8}.Debug|x64.Build.0 = Debug|x64
		{05E0D221-B2A8-4A1C-A897-C3EB15A52FD8}.Debug|x86.ActiveCfg = Debug|Win32
		{05E0D221-B2A8-4A1C-A897-C3EB15A52FD8}.Debug|x86.Build.0 = Debug|Win32
		{05E0D221-B2A8-4A1C-A897-C3EB15A52FD8}.Release|x64.ActiveCfg = Release|x64
		{05E0D221-B2A8-4A1C-A897-C3EB15A52FD8}.Release|x64.Build.0 = Release|x64
		{05E0D221-B2A8-4A1C-A897-C3EB15A52FD8}.Release|x86.ActiveCfg = Release|Win32
		{05E0D221-B2A8-4A1C-A897-C3EB15A52FD8}.Release|x86.Build.0 = Release|Win32
	EndGlobalSection
	GlobalSection(SolutionProperties) = preSolution
		HideSolutionNode = FALSE
	EndGlobalSection
	GlobalSection(ExtensibilityGlobals) = postSolution
		SolutionGuid = {BA90AA6C-CDF1-4C65-B632-163F29E016BB}
	EndGlobalSection
EndGlobal
